// !$*UTF8*$!
{
	archiveVersion = 1;
	classes = {
	};
	objectVersion = 46;
	objects = {

/* Begin PBXBuildFile section */
		01D53D221AA690A42300FF48 /* Pods_Twitter.framework in Frameworks */ = {isa = PBXBuildFile; fileRef = 12665D811630159ADF3ECF0E /* Pods_Twitter.framework */; };
		6617C67F1C7A96D000B6621E /* TweetViewController.swift in Sources */ = {isa = PBXBuildFile; fileRef = 6617C67E1C7A96D000B6621E /* TweetViewController.swift */; };
		6617C6811C7A973F00B6621E /* TweetsTableViewCell.swift in Sources */ = {isa = PBXBuildFile; fileRef = 6617C6801C7A973F00B6621E /* TweetsTableViewCell.swift */; };
		6653428F1C8A9DF100BF09F1 /* DetailsViewController.swift in Sources */ = {isa = PBXBuildFile; fileRef = 6653428E1C8A9DF100BF09F1 /* DetailsViewController.swift */; };
		665342911C8AA69D00BF09F1 /* profileViewController.swift in Sources */ = {isa = PBXBuildFile; fileRef = 665342901C8AA69D00BF09F1 /* profileViewController.swift */; };
		665342931C8AB19400BF09F1 /* composeViewController.swift in Sources */ = {isa = PBXBuildFile; fileRef = 665342921C8AB19400BF09F1 /* composeViewController.swift */; };
		666FC4FD1C79436600FDC0D6 /* AppDelegate.swift in Sources */ = {isa = PBXBuildFile; fileRef = 666FC4FC1C79436600FDC0D6 /* AppDelegate.swift */; };
		666FC4FF1C79436600FDC0D6 /* LoginViewController.swift in Sources */ = {isa = PBXBuildFile; fileRef = 666FC4FE1C79436600FDC0D6 /* LoginViewController.swift */; };
		666FC5021C79436600FDC0D6 /* Main.storyboard in Resources */ = {isa = PBXBuildFile; fileRef = 666FC5001C79436600FDC0D6 /* Main.storyboard */; };
		666FC5041C79436600FDC0D6 /* Assets.xcassets in Resources */ = {isa = PBXBuildFile; fileRef = 666FC5031C79436600FDC0D6 /* Assets.xcassets */; };
		666FC5071C79436600FDC0D6 /* LaunchScreen.storyboard in Resources */ = {isa = PBXBuildFile; fileRef = 666FC5051C79436600FDC0D6 /* LaunchScreen.storyboard */; };
		669041FF1C7962AA000DC297 /* User.swift in Sources */ = {isa = PBXBuildFile; fileRef = 669041FE1C7962AA000DC297 /* User.swift */; };
		669042011C7962CA000DC297 /* Tweet.swift in Sources */ = {isa = PBXBuildFile; fileRef = 669042001C7962CA000DC297 /* Tweet.swift */; };
		669042031C797050000DC297 /* TwitterClient.swift in Sources */ = {isa = PBXBuildFile; fileRef = 669042021C797050000DC297 /* TwitterClient.swift */; };
/* End PBXBuildFile section */

/* Begin PBXFileReference section */
		12665D811630159ADF3ECF0E /* Pods_Twitter.framework */ = {isa = PBXFileReference; explicitFileType = wrapper.framework; includeInIndex = 0; path = Pods_Twitter.framework; sourceTree = BUILT_PRODUCTS_DIR; };
		6617C67E1C7A96D000B6621E /* TweetViewController.swift */ = {isa = PBXFileReference; fileEncoding = 4; lastKnownFileType = sourcecode.swift; path = TweetViewController.swift; sourceTree = "<group>"; };
		6617C6801C7A973F00B6621E /* TweetsTableViewCell.swift */ = {isa = PBXFileReference; fileEncoding = 4; lastKnownFileType = sourcecode.swift; path = TweetsTableViewCell.swift; sourceTree = "<group>"; };
		6653428E1C8A9DF100BF09F1 /* DetailsViewController.swift */ = {isa = PBXFileReference; fileEncoding = 4; lastKnownFileType = sourcecode.swift; path = DetailsViewController.swift; sourceTree = "<group>"; };
		665342901C8AA69D00BF09F1 /* profileViewController.swift */ = {isa = PBXFileReference; fileEncoding = 4; lastKnownFileType = sourcecode.swift; path = profileViewController.swift; sourceTree = "<group>"; };
		665342921C8AB19400BF09F1 /* composeViewController.swift */ = {isa = PBXFileReference; fileEncoding = 4; lastKnownFileType = sourcecode.swift; path = composeViewController.swift; sourceTree = "<group>"; };
		666FC4F91C79436600FDC0D6 /* Twitter.app */ = {isa = PBXFileReference; explicitFileType = wrapper.application; includeInIndex = 0; path = Twitter.app; sourceTree = BUILT_PRODUCTS_DIR; };
		666FC4FC1C79436600FDC0D6 /* AppDelegate.swift */ = {isa = PBXFileReference; lastKnownFileType = sourcecode.swift; path = AppDelegate.swift; sourceTree = "<group>"; };
		666FC4FE1C79436600FDC0D6 /* LoginViewController.swift */ = {isa = PBXFileReference; lastKnownFileType = sourcecode.swift; path = LoginViewController.swift; sourceTree = "<group>"; };
		666FC5011C79436600FDC0D6 /* Base */ = {isa = PBXFileReference; lastKnownFileType = file.storyboard; name = Base; path = Base.lproj/Main.storyboard; sourceTree = "<group>"; };
		666FC5031C79436600FDC0D6 /* Assets.xcassets */ = {isa = PBXFileReference; lastKnownFileType = folder.assetcatalog; path = Assets.xcassets; sourceTree = "<group>"; };
		666FC5061C79436600FDC0D6 /* Base */ = {isa = PBXFileReference; lastKnownFileType = file.storyboard; name = Base; path = Base.lproj/LaunchScreen.storyboard; sourceTree = "<group>"; };
		666FC5081C79436600FDC0D6 /* Info.plist */ = {isa = PBXFileReference; lastKnownFileType = text.plist.xml; path = Info.plist; sourceTree = "<group>"; };
		669041FE1C7962AA000DC297 /* User.swift */ = {isa = PBXFileReference; fileEncoding = 4; lastKnownFileType = sourcecode.swift; path = User.swift; sourceTree = "<group>"; };
		669042001C7962CA000DC297 /* Tweet.swift */ = {isa = PBXFileReference; fileEncoding = 4; lastKnownFileType = sourcecode.swift; path = Tweet.swift; sourceTree = "<group>"; };
		669042021C797050000DC297 /* TwitterClient.swift */ = {isa = PBXFileReference; fileEncoding = 4; lastKnownFileType = sourcecode.swift; path = TwitterClient.swift; sourceTree = "<group>"; };
		B4779C26DC3D3D1ABDEF373F /* Pods-Twitter.debug.xcconfig */ = {isa = PBXFileReference; includeInIndex = 1; lastKnownFileType = text.xcconfig; name = "Pods-Twitter.debug.xcconfig"; path = "Pods/Target Support Files/Pods-Twitter/Pods-Twitter.debug.xcconfig"; sourceTree = "<group>"; };
		C61939B3B135FE7C9B8FEC2D /* Pods-Twitter.release.xcconfig */ = {isa = PBXFileReference; includeInIndex = 1; lastKnownFileType = text.xcconfig; name = "Pods-Twitter.release.xcconfig"; path = "Pods/Target Support Files/Pods-Twitter/Pods-Twitter.release.xcconfig"; sourceTree = "<group>"; };
/* End PBXFileReference section */

/* Begin PBXFrameworksBuildPhase section */
		666FC4F61C79436600FDC0D6 /* Frameworks */ = {
			isa = PBXFrameworksBuildPhase;
			buildActionMask = 2147483647;
			files = (
				01D53D221AA690A42300FF48 /* Pods_Twitter.framework in Frameworks */,
			);
			runOnlyForDeploymentPostprocessing = 0;
		};
/* End PBXFrameworksBuildPhase section */

/* Begin PBXGroup section */
		666FC4F01C79436600FDC0D6 = {
			isa = PBXGroup;
			children = (
				666FC4FB1C79436600FDC0D6 /* Twitter */,
				666FC4FA1C79436600FDC0D6 /* Products */,
				FF3A745DEE4305A8C8CC34A8 /* Pods */,
				E7B8F43A62E50F1AA5DF2EBF /* Frameworks */,
			);
			sourceTree = "<group>";
		};
		666FC4FA1C79436600FDC0D6 /* Products */ = {
			isa = PBXGroup;
			children = (
				666FC4F91C79436600FDC0D6 /* Twitter.app */,
			);
			name = Products;
			sourceTree = "<group>";
		};
		666FC4FB1C79436600FDC0D6 /* Twitter */ = {
			isa = PBXGroup;
			children = (
				669041FD1C79626A000DC297 /* API */,
				669041FB1C796237000DC297 /* ViewControllers */,
				669041FA1C796223000DC297 /* Models */,
				666FC4FC1C79436600FDC0D6 /* AppDelegate.swift */,
				666FC5001C79436600FDC0D6 /* Main.storyboard */,
				666FC5031C79436600FDC0D6 /* Assets.xcassets */,
				666FC5051C79436600FDC0D6 /* LaunchScreen.storyboard */,
				666FC5081C79436600FDC0D6 /* Info.plist */,
			);
			path = Twitter;
			sourceTree = "<group>";
		};
		669041FA1C796223000DC297 /* Models */ = {
			isa = PBXGroup;
			children = (
				669041FE1C7962AA000DC297 /* User.swift */,
				669042001C7962CA000DC297 /* Tweet.swift */,
			);
			name = Models;
			sourceTree = "<group>";
		};
		669041FB1C796237000DC297 /* ViewControllers */ = {
			isa = PBXGroup;
			children = (
				666FC4FE1C79436600FDC0D6 /* LoginViewController.swift */,
				6653428E1C8A9DF100BF09F1 /* DetailsViewController.swift */,
				6617C67E1C7A96D000B6621E /* TweetViewController.swift */,
				665342901C8AA69D00BF09F1 /* profileViewController.swift */,
				665342921C8AB19400BF09F1 /* composeViewController.swift */,
				6617C6801C7A973F00B6621E /* TweetsTableViewCell.swift */,
			);
			name = ViewControllers;
			sourceTree = "<group>";
		};
		669041FD1C79626A000DC297 /* API */ = {
			isa = PBXGroup;
			children = (
				669042021C797050000DC297 /* TwitterClient.swift */,
			);
			name = API;
			sourceTree = "<group>";
		};
		E7B8F43A62E50F1AA5DF2EBF /* Frameworks */ = {
			isa = PBXGroup;
			children = (
				12665D811630159ADF3ECF0E /* Pods_Twitter.framework */,
			);
			name = Frameworks;
			sourceTree = "<group>";
		};
		FF3A745DEE4305A8C8CC34A8 /* Pods */ = {
			isa = PBXGroup;
			children = (
				B4779C26DC3D3D1ABDEF373F /* Pods-Twitter.debug.xcconfig */,
				C61939B3B135FE7C9B8FEC2D /* Pods-Twitter.release.xcconfig */,
			);
			name = Pods;
			sourceTree = "<group>";
		};
/* End PBXGroup section */

/* Begin PBXNativeTarget section */
		666FC4F81C79436600FDC0D6 /* Twitter */ = {
			isa = PBXNativeTarget;
			buildConfigurationList = 666FC50B1C79436600FDC0D6 /* Build configuration list for PBXNativeTarget "Twitter" */;
			buildPhases = (
				5D7C0C9458A76CF3463509C8 /* Check Pods Manifest.lock */,
				666FC4F51C79436600FDC0D6 /* Sources */,
				666FC4F61C79436600FDC0D6 /* Frameworks */,
				666FC4F71C79436600FDC0D6 /* Resources */,
				FD1B31F9B59524DCB88F2050 /* Embed Pods Frameworks */,
				FC572F4C07BB77F4531476B6 /* Copy Pods Resources */,
			);
			buildRules = (
			);
			dependencies = (
			);
			name = Twitter;
			productName = Twitter;
			productReference = 666FC4F91C79436600FDC0D6 /* Twitter.app */;
			productType = "com.apple.product-type.application";
		};
/* End PBXNativeTarget section */

/* Begin PBXProject section */
		666FC4F11C79436600FDC0D6 /* Project object */ = {
			isa = PBXProject;
			attributes = {
				LastSwiftUpdateCheck = 0720;
				LastUpgradeCheck = 0720;
				ORGANIZATIONNAME = "Eileen Madrigal";
				TargetAttributes = {
					666FC4F81C79436600FDC0D6 = {
						CreatedOnToolsVersion = 7.2;
						DevelopmentTeam = L9F2KF9R6W;
					};
				};
			};
			buildConfigurationList = 666FC4F41C79436600FDC0D6 /* Build configuration list for PBXProject "Twitter" */;
			compatibilityVersion = "Xcode 3.2";
			developmentRegion = English;
			hasScannedForEncodings = 0;
			knownRegions = (
				en,
				Base,
			);
			mainGroup = 666FC4F01C79436600FDC0D6;
			productRefGroup = 666FC4FA1C79436600FDC0D6 /* Products */;
			projectDirPath = "";
			projectRoot = "";
			targets = (
				666FC4F81C79436600FDC0D6 /* Twitter */,
			);
		};
/* End PBXProject section */

/* Begin PBXResourcesBuildPhase section */
		666FC4F71C79436600FDC0D6 /* Resources */ = {
			isa = PBXResourcesBuildPhase;
			buildActionMask = 2147483647;
			files = (
				666FC5071C79436600FDC0D6 /* LaunchScreen.storyboard in Resources */,
				666FC5041C79436600FDC0D6 /* Assets.xcassets in Resources */,
				666FC5021C79436600FDC0D6 /* Main.storyboard in Resources */,
			);
			runOnlyForDeploymentPostprocessing = 0;
		};
/* End PBXResourcesBuildPhase section */

/* Begin PBXShellScriptBuildPhase section */
		5D7C0C9458A76CF3463509C8 /* Check Pods Manifest.lock */ = {
			isa = PBXShellScriptBuildPhase;
			buildActionMask = 2147483647;
			files = (
			);
			inputPaths = (
			);
			name = "Check Pods Manifest.lock";
			outputPaths = (
			);
			runOnlyForDeploymentPostprocessing = 0;
			shellPath = /bin/sh;
			shellScript = "diff \"${PODS_ROOT}/../Podfile.lock\" \"${PODS_ROOT}/Manifest.lock\" > /dev/null\nif [[ $? != 0 ]] ; then\n    cat << EOM\nerror: The sandbox is not in sync with the Podfile.lock. Run 'pod install' or update your CocoaPods installation.\nEOM\n    exit 1\nfi\n";
			showEnvVarsInLog = 0;
		};
		FC572F4C07BB77F4531476B6 /* Copy Pods Resources */ = {
			isa = PBXShellScriptBuildPhase;
			buildActionMask = 2147483647;
			files = (
			);
			inputPaths = (
			);
			name = "Copy Pods Resources";
			outputPaths = (
			);
			runOnlyForDeploymentPostprocessing = 0;
			shellPath = /bin/sh;
			shellScript = "\"${SRCROOT}/Pods/Target Support Files/Pods-Twitter/Pods-Twitter-resources.sh\"\n";
			showEnvVarsInLog = 0;
		};
		FD1B31F9B59524DCB88F2050 /* Embed Pods Frameworks */ = {
			isa = PBXShellScriptBuildPhase;
			buildActionMask = 2147483647;
			files = (
			);
			inputPaths = (
			);
			name = "Embed Pods Frameworks";
			outputPaths = (
			);
			runOnlyForDeploymentPostprocessing = 0;
			shellPath = /bin/sh;
			shellScript = "\"${SRCROOT}/Pods/Target Support Files/Pods-Twitter/Pods-Twitter-frameworks.sh\"\n";
			showEnvVarsInLog = 0;
		};
/* End PBXShellScriptBuildPhase section */

/* Begin PBXSourcesBuildPhase section */
		666FC4F51C79436600FDC0D6 /* Sources */ = {
			isa = PBXSourcesBuildPhase;
			buildActionMask = 2147483647;
			files = (
				669042031C797050000DC297 /* TwitterClient.swift in Sources */,
				6617C6811C7A973F00B6621E /* TweetsTableViewCell.swift in Sources */,
				665342911C8AA69D00BF09F1 /* profileViewController.swift in Sources */,
				666FC4FF1C79436600FDC0D6 /* LoginViewController.swift in Sources */,
				6653428F1C8A9DF100BF09F1 /* DetailsViewController.swift in Sources */,
				6617C67F1C7A96D000B6621E /* TweetViewController.swift in Sources */,
				666FC4FD1C79436600FDC0D6 /* AppDelegate.swift in Sources */,
				665342931C8AB19400BF09F1 /* composeViewController.swift in Sources */,
				669041FF1C7962AA000DC297 /* User.swift in Sources */,
				669042011C7962CA000DC297 /* Tweet.swift in Sources */,
			);
			runOnlyForDeploymentPostprocessing = 0;
		};
/* End PBXSourcesBuildPhase section */

/* Begin PBXVariantGroup section */
		666FC5001C79436600FDC0D6 /* Main.storyboard */ = {
			isa = PBXVariantGroup;
			children = (
				666FC5011C79436600FDC0D6 /* Base */,
			);
			name = Main.storyboard;
			sourceTree = "<group>";
		};
		666FC5051C79436600FDC0D6 /* LaunchScreen.storyboard */ = {
			isa = PBXVariantGroup;
			children = (
				666FC5061C79436600FDC0D6 /* Base */,
			);
			name = LaunchScreen.storyboard;
			sourceTree = "<group>";
		};
/* End PBXVariantGroup section */

/* Begin XCBuildConfiguration section */
		666FC5091C79436600FDC0D6 /* Debug */ = {
			isa = XCBuildConfiguration;
			buildSettings = {
				ALWAYS_SEARCH_USER_PATHS = NO;
				CLANG_CXX_LANGUAGE_STANDARD = "gnu++0x";
				CLANG_CXX_LIBRARY = "libc++";
				CLANG_ENABLE_MODULES = YES;
				CLANG_ENABLE_OBJC_ARC = YES;
				CLANG_WARN_BOOL_CONVERSION = YES;
				CLANG_WARN_CONSTANT_CONVERSION = YES;
				CLANG_WARN_DIRECT_OBJC_ISA_USAGE = YES_ERROR;
				CLANG_WARN_EMPTY_BODY = YES;
				CLANG_WARN_ENUM_CONVERSION = YES;
				CLANG_WARN_INT_CONVERSION = YES;
				CLANG_WARN_OBJC_ROOT_CLASS = YES_ERROR;
				CLANG_WARN_UNREACHABLE_CODE = YES;
				CLANG_WARN__DUPLICATE_METHOD_MATCH = YES;
				"CODE_SIGN_IDENTITY[sdk=iphoneos*]" = "iPhone Developer";
				COPY_PHASE_STRIP = NO;
				DEBUG_INFORMATION_FORMAT = dwarf;
				ENABLE_STRICT_OBJC_MSGSEND = YES;
				ENABLE_TESTABILITY = YES;
				GCC_C_LANGUAGE_STANDARD = gnu99;
				GCC_DYNAMIC_NO_PIC = NO;
				GCC_NO_COMMON_BLOCKS = YES;
				GCC_OPTIMIZATION_LEVEL = 0;
				GCC_PREPROCESSOR_DEFINITIONS = (
					"DEBUG=1",
					"$(inherited)",
				);
				GCC_WARN_64_TO_32_BIT_CONVERSION = YES;
				GCC_WARN_ABOUT_RETURN_TYPE = YES_ERROR;
				GCC_WARN_UNDECLARED_SELECTOR = YES;
				GCC_WARN_UNINITIALIZED_AUTOS = YES_AGGRESSIVE;
				GCC_WARN_UNUSED_FUNCTION = YES;
				GCC_WARN_UNUSED_VARIABLE = YES;
				IPHONEOS_DEPLOYMENT_TARGET = 9.2;
				MTL_ENABLE_DEBUG_INFO = YES;
				ONLY_ACTIVE_ARCH = YES;
				SDKROOT = iphoneos;
				SWIFT_OPTIMIZATION_LEVEL = "-Onone";
			};
			name = Debug;
		};
		666FC50A1C79436600FDC0D6 /* Release */ = {
			isa = XCBuildConfiguration;
			buildSettings = {
				ALWAYS_SEARCH_USER_PATHS = NO;
				CLANG_CXX_LANGUAGE_STANDARD = "gnu++0x";
				CLANG_CXX_LIBRARY = "libc++";
				CLANG_ENABLE_MODULES = YES;
				CLANG_ENABLE_OBJC_ARC = YES;
				CLANG_WARN_BOOL_CONVERSION = YES;
				CLANG_WARN_CONSTANT_CONVERSION = YES;
				CLANG_WARN_DIRECT_OBJC_ISA_USAGE = YES_ERROR;
				CLANG_WARN_EMPTY_BODY = YES;
				CLANG_WARN_ENUM_CONVERSION = YES;
				CLANG_WARN_INT_CONVERSION = YES;
				CLANG_WARN_OBJC_ROOT_CLASS = YES_ERROR;
				CLANG_WARN_UNREACHABLE_CODE = YES;
				CLANG_WARN__DUPLICATE_METHOD_MATCH = YES;
				"CODE_SIGN_IDENTITY[sdk=iphoneos*]" = "iPhone Developer";
				COPY_PHASE_STRIP = NO;
				DEBUG_INFORMATION_FORMAT = "dwarf-with-dsym";
				ENABLE_NS_ASSERTIONS = NO;
				ENABLE_STRICT_OBJC_MSGSEND = YES;
				GCC_C_LANGUAGE_STANDARD = gnu99;
				GCC_NO_COMMON_BLOCKS = YES;
				GCC_WARN_64_TO_32_BIT_CONVERSION = YES;
				GCC_WARN_ABOUT_RETURN_TYPE = YES_ERROR;
				GCC_WARN_UNDECLARED_SELECTOR = YES;
				GCC_WARN_UNINITIALIZED_AUTOS = YES_AGGRESSIVE;
				GCC_WARN_UNUSED_FUNCTION = YES;
				GCC_WARN_UNUSED_VARIABLE = YES;
				IPHONEOS_DEPLOYMENT_TARGET = 9.2;
				MTL_ENABLE_DEBUG_INFO = NO;
				SDKROOT = iphoneos;
				VALIDATE_PRODUCT = YES;
			};
			name = Release;
		};
		666FC50C1C79436600FDC0D6 /* Debug */ = {
			isa = XCBuildConfiguration;
			baseConfigurationReference = B4779C26DC3D3D1ABDEF373F /* Pods-Twitter.debug.xcconfig */;
			buildSettings = {
				ASSETCATALOG_COMPILER_APPICON_NAME = AppIcon;
				INFOPLIST_FILE = Twitter/Info.plist;
				LD_RUNPATH_SEARCH_PATHS = "$(inherited) @executable_path/Frameworks";
				PRODUCT_BUNDLE_IDENTIFIER = nems167.Twitter;
				PRODUCT_NAME = "$(TARGET_NAME)";
			};
			name = Debug;
		};
		666FC50D1C79436600FDC0D6 /* Release */ = {
			isa = XCBuildConfiguration;
			baseConfigurationReference = C61939B3B135FE7C9B8FEC2D /* Pods-Twitter.release.xcconfig */;
			buildSettings = {
				ASSETCATALOG_COMPILER_APPICON_NAME = AppIcon;
				INFOPLIST_FILE = Twitter/Info.plist;
				LD_RUNPATH_SEARCH_PATHS = "$(inherited) @executable_path/Frameworks";
				PRODUCT_BUNDLE_IDENTIFIER = nems167.Twitter;
				PRODUCT_NAME = "$(TARGET_NAME)";
			};
			name = Release;
		};
/* End XCBuildConfiguration section */

/* Begin XCConfigurationList section */
		666FC4F41C79436600FDC0D6 /* Build configuration list for PBXProject "Twitter" */ = {
			isa = XCConfigurationList;
			buildConfigurations = (
				666FC5091C79436600FDC0D6 /* Debug */,
				666FC50A1C79436600FDC0D6 /* Release */,
			);
			defaultConfigurationIsVisible = 0;
			defaultConfigurationName = Release;
		};
		666FC50B1C79436600FDC0D6 /* Build configuration list for PBXNativeTarget "Twitter" */ = {
			isa = XCConfigurationList;
			buildConfigurations = (
				666FC50C1C79436600FDC0D6 /* Debug */,
				666FC50D1C79436600FDC0D6 /* Release */,
			);
			defaultConfigurationIsVisible = 0;
			defaultConfigurationName = Release;
		};
/* End XCConfigurationList section */
	};
	rootObject = 666FC4F11C79436600FDC0D6 /* Project object */;
}
